
Microsoft Visual Studio Solution File, Format Version 12.00
# Visual Studio 2012
Project("{F184B08F-C81C-45F6-A57F-5ABD9991F28F}") = "CheckSumTool", "CheckSumTool.vbproj", "{B5D7F94B-32A6-4D76-B7AE-C1EA31C58BBA}"
EndProject
Global
	GlobalSection(TeamFoundationVersionControl) = preSolution
		SccNumberOfProjects = 2
		SccEnterpriseProvider = {4CA58AB2-18FA-4F8D-95D4-32DDF27D184C}
		SccTeamFoundationServer = http://ahmed-pc:8080/tfs/defaultcollection
		SccLocalPath0 = .
		SccProjectUniqueName1 = CheckSumTool.vbproj
		SccLocalPath1 = .
	EndGlobalSection
	GlobalSection(SolutionConfigurationPlatforms) = preSolution
		Debug|Any CPU = Debug|Any CPU
		Release|Any CPU = Release|Any CPU
	EndGlobalSection
	GlobalSection(ProjectConfigurationPlatforms) = postSolution
		{B5D7F94B-32A6-4D76-B7AE-C1EA31C58BBA}.Debug|Any CPU.ActiveCfg = Debug|Any CPU
		{B5D7F94B-32A6-4D76-B7AE-C1EA31C58BBA}.Debug|Any CPU.Build.0 = Debug|Any CPU
		{B5D7F94B-32A6-4D76-B7AE-C1EA31C58BBA}.Release|Any CPU.ActiveCfg = Release|Any CPU
		{B5D7F94B-32A6-4D76-B7AE-C1EA31C58BBA}.Release|Any CPU.Build.0 = Release|Any CPU
	EndGlobalSection
	GlobalSection(SolutionProperties) = preSolution
		HideSolutionNode = FALSE
	EndGlobalSection
EndGlobal
